// !$*UTF8*$!
{
	archiveVersion = 1;
	classes = {
	};
	objectVersion = 50;
	objects = {

/* Begin PBXBuildFile section */
		A14D6E7B21753B55007EEE1F /* UIImage+ReSize.swift in Sources */ = {isa = PBXBuildFile; fileRef = A14D6E7821753B55007EEE1F /* UIImage+ReSize.swift */; };
		A14D6E7C21753B55007EEE1F /* UIImage+Alpha.swift in Sources */ = {isa = PBXBuildFile; fileRef = A14D6E7921753B55007EEE1F /* UIImage+Alpha.swift */; };
		A14D6E7D21753B55007EEE1F /* UIImage+RoundCorner.swift in Sources */ = {isa = PBXBuildFile; fileRef = A14D6E7A21753B55007EEE1F /* UIImage+RoundCorner.swift */; };
		A14D6E7F21754539007EEE1F /* Animator.swift in Sources */ = {isa = PBXBuildFile; fileRef = A14D6E7E21754539007EEE1F /* Animator.swift */; };
		A15B4AFE218FB61000EC9F77 /* Location+CoreDataClass.swift in Sources */ = {isa = PBXBuildFile; fileRef = A15B4AFC218FB61000EC9F77 /* Location+CoreDataClass.swift */; };
		A15B4AFF218FB61000EC9F77 /* Location+CoreDataProperties.swift in Sources */ = {isa = PBXBuildFile; fileRef = A15B4AFD218FB61000EC9F77 /* Location+CoreDataProperties.swift */; };
		A1678C75216D2FAD006D961B /* Date+Utils.swift in Sources */ = {isa = PBXBuildFile; fileRef = A1678C74216D2FAD006D961B /* Date+Utils.swift */; };
		A1678C77216D3847006D961B /* CoreDataStack.swift in Sources */ = {isa = PBXBuildFile; fileRef = A1678C76216D3847006D961B /* CoreDataStack.swift */; };
		A1678C9B216D3CF1006D961B /* Everpobre.xcdatamodeld in Sources */ = {isa = PBXBuildFile; fileRef = A1678C99216D3CF1006D961B /* Everpobre.xcdatamodeld */; };
		A1678CB0216D45A7006D961B /* Notebook+CoreDataProperties.swift in Sources */ = {isa = PBXBuildFile; fileRef = A1678CAC216D45A7006D961B /* Notebook+CoreDataProperties.swift */; };
		A1678CB1216D45A7006D961B /* Note+CoreDataClass.swift in Sources */ = {isa = PBXBuildFile; fileRef = A1678CAD216D45A7006D961B /* Note+CoreDataClass.swift */; };
		A1678CB2216D45A7006D961B /* Note+CoreDataProperties.swift in Sources */ = {isa = PBXBuildFile; fileRef = A1678CAE216D45A7006D961B /* Note+CoreDataProperties.swift */; };
		A1678CB3216D45A7006D961B /* Notebook+CoreDataClass.swift in Sources */ = {isa = PBXBuildFile; fileRef = A1678CAF216D45A7006D961B /* Notebook+CoreDataClass.swift */; };
		A1C37797216BEF2F00F1DB4B /* AppDelegate.swift in Sources */ = {isa = PBXBuildFile; fileRef = A1C37796216BEF2F00F1DB4B /* AppDelegate.swift */; };
		A1C3779C216BEF2F00F1DB4B /* Main.storyboard in Resources */ = {isa = PBXBuildFile; fileRef = A1C3779A216BEF2F00F1DB4B /* Main.storyboard */; };
		A1C3779E216BEF3000F1DB4B /* Assets.xcassets in Resources */ = {isa = PBXBuildFile; fileRef = A1C3779D216BEF3000F1DB4B /* Assets.xcassets */; };
		A1C377A1216BEF3000F1DB4B /* LaunchScreen.storyboard in Resources */ = {isa = PBXBuildFile; fileRef = A1C3779F216BEF3000F1DB4B /* LaunchScreen.storyboard */; };
		A1C377AA216BF1D900F1DB4B /* NotebookListViewController.swift in Sources */ = {isa = PBXBuildFile; fileRef = A1C377A9216BF1D900F1DB4B /* NotebookListViewController.swift */; };
		A1C377AC216BFB0100F1DB4B /* NotebookListCell.swift in Sources */ = {isa = PBXBuildFile; fileRef = A1C377AB216BFB0100F1DB4B /* NotebookListCell.swift */; };
		A1C377AF216BFC7E00F1DB4B /* deprecated_Notebook.swift in Sources */ = {isa = PBXBuildFile; fileRef = A1C377AE216BFC7E00F1DB4B /* deprecated_Notebook.swift */; };
		A1C377B1216C02B300F1DB4B /* deprecated_Note.swift in Sources */ = {isa = PBXBuildFile; fileRef = A1C377B0216C02B300F1DB4B /* deprecated_Note.swift */; };
		A1C377B4216C039800F1DB4B /* NotesListViewController.swift in Sources */ = {isa = PBXBuildFile; fileRef = A1C377B3216C039800F1DB4B /* NotesListViewController.swift */; };
		A1C377B8216C0D8C00F1DB4B /* NoteDetailsViewController.swift in Sources */ = {isa = PBXBuildFile; fileRef = A1C377B6216C0D8C00F1DB4B /* NoteDetailsViewController.swift */; };
		A1C377B9216C0D8C00F1DB4B /* NoteDetailsViewController.xib in Resources */ = {isa = PBXBuildFile; fileRef = A1C377B7216C0D8C00F1DB4B /* NoteDetailsViewController.xib */; };
		A1C55826216FFE57008C8562 /* NewNotesListViewController.swift in Sources */ = {isa = PBXBuildFile; fileRef = A1C55824216FFE57008C8562 /* NewNotesListViewController.swift */; };
		A1C55827216FFE57008C8562 /* NewNotesListViewController.xib in Resources */ = {isa = PBXBuildFile; fileRef = A1C55825216FFE57008C8562 /* NewNotesListViewController.xib */; };
		A1C5582A21700191008C8562 /* NotesListCollectionViewCell.swift in Sources */ = {isa = PBXBuildFile; fileRef = A1C5582821700191008C8562 /* NotesListCollectionViewCell.swift */; };
		A1C5582B21700191008C8562 /* NotesListCollectionViewCell.xib in Resources */ = {isa = PBXBuildFile; fileRef = A1C5582921700191008C8562 /* NotesListCollectionViewCell.xib */; };
/* End PBXBuildFile section */

/* Begin PBXFileReference section */
		A14D6E6D21751AE0007EEE1F /* Everpobre v2.xcdatamodel */ = {isa = PBXFileReference; lastKnownFileType = wrapper.xcdatamodel; path = "Everpobre v2.xcdatamodel"; sourceTree = "<group>"; };
		A14D6E7821753B55007EEE1F /* UIImage+ReSize.swift */ = {isa = PBXFileReference; fileEncoding = 4; lastKnownFileType = sourcecode.swift; path = "UIImage+ReSize.swift"; sourceTree = "<group>"; };
		A14D6E7921753B55007EEE1F /* UIImage+Alpha.swift */ = {isa = PBXFileReference; fileEncoding = 4; lastKnownFileType = sourcecode.swift; path = "UIImage+Alpha.swift"; sourceTree = "<group>"; };
		A14D6E7A21753B55007EEE1F /* UIImage+RoundCorner.swift */ = {isa = PBXFileReference; fileEncoding = 4; lastKnownFileType = sourcecode.swift; path = "UIImage+RoundCorner.swift"; sourceTree = "<group>"; };
		A14D6E7E21754539007EEE1F /* Animator.swift */ = {isa = PBXFileReference; lastKnownFileType = sourcecode.swift; path = Animator.swift; sourceTree = "<group>"; };
		A15B4AF5218F9A3D00EC9F77 /* Everpobre v3.xcdatamodel */ = {isa = PBXFileReference; lastKnownFileType = wrapper.xcdatamodel; path = "Everpobre v3.xcdatamodel"; sourceTree = "<group>"; };
		A15B4AFC218FB61000EC9F77 /* Location+CoreDataClass.swift */ = {isa = PBXFileReference; lastKnownFileType = sourcecode.swift; path = "Location+CoreDataClass.swift"; sourceTree = "<group>"; };
		A15B4AFD218FB61000EC9F77 /* Location+CoreDataProperties.swift */ = {isa = PBXFileReference; lastKnownFileType = sourcecode.swift; path = "Location+CoreDataProperties.swift"; sourceTree = "<group>"; };
		A15B4B00218FBD1400EC9F77 /* Everpobre v4.xcdatamodel */ = {isa = PBXFileReference; lastKnownFileType = wrapper.xcdatamodel; path = "Everpobre v4.xcdatamodel"; sourceTree = "<group>"; };
		A1678C74216D2FAD006D961B /* Date+Utils.swift */ = {isa = PBXFileReference; lastKnownFileType = sourcecode.swift; path = "Date+Utils.swift"; sourceTree = "<group>"; };
		A1678C76216D3847006D961B /* CoreDataStack.swift */ = {isa = PBXFileReference; lastKnownFileType = sourcecode.swift; path = CoreDataStack.swift; sourceTree = "<group>"; };
		A1678C9A216D3CF1006D961B /* Everpobre.xcdatamodel */ = {isa = PBXFileReference; lastKnownFileType = wrapper.xcdatamodel; path = Everpobre.xcdatamodel; sourceTree = "<group>"; };
		A1678CAC216D45A7006D961B /* Notebook+CoreDataProperties.swift */ = {isa = PBXFileReference; fileEncoding = 4; lastKnownFileType = sourcecode.swift; path = "Notebook+CoreDataProperties.swift"; sourceTree = "<group>"; };
		A1678CAD216D45A7006D961B /* Note+CoreDataClass.swift */ = {isa = PBXFileReference; fileEncoding = 4; lastKnownFileType = sourcecode.swift; path = "Note+CoreDataClass.swift"; sourceTree = "<group>"; };
		A1678CAE216D45A7006D961B /* Note+CoreDataProperties.swift */ = {isa = PBXFileReference; fileEncoding = 4; lastKnownFileType = sourcecode.swift; path = "Note+CoreDataProperties.swift"; sourceTree = "<group>"; };
		A1678CAF216D45A7006D961B /* Notebook+CoreDataClass.swift */ = {isa = PBXFileReference; fileEncoding = 4; lastKnownFileType = sourcecode.swift; path = "Notebook+CoreDataClass.swift"; sourceTree = "<group>"; };
		A1C37793216BEF2F00F1DB4B /* Everpobre.app */ = {isa = PBXFileReference; explicitFileType = wrapper.application; includeInIndex = 0; path = Everpobre.app; sourceTree = BUILT_PRODUCTS_DIR; };
		A1C37796216BEF2F00F1DB4B /* AppDelegate.swift */ = {isa = PBXFileReference; lastKnownFileType = sourcecode.swift; path = AppDelegate.swift; sourceTree = "<group>"; };
		A1C3779B216BEF2F00F1DB4B /* Base */ = {isa = PBXFileReference; lastKnownFileType = file.storyboard; name = Base; path = Base.lproj/Main.storyboard; sourceTree = "<group>"; };
		A1C3779D216BEF3000F1DB4B /* Assets.xcassets */ = {isa = PBXFileReference; lastKnownFileType = folder.assetcatalog; path = Assets.xcassets; sourceTree = "<group>"; };
		A1C377A0216BEF3000F1DB4B /* Base */ = {isa = PBXFileReference; lastKnownFileType = file.storyboard; name = Base; path = Base.lproj/LaunchScreen.storyboard; sourceTree = "<group>"; };
		A1C377A2216BEF3000F1DB4B /* Info.plist */ = {isa = PBXFileReference; lastKnownFileType = text.plist.xml; path = Info.plist; sourceTree = "<group>"; };
		A1C377A9216BF1D900F1DB4B /* NotebookListViewController.swift */ = {isa = PBXFileReference; lastKnownFileType = sourcecode.swift; path = NotebookListViewController.swift; sourceTree = "<group>"; };
		A1C377AB216BFB0100F1DB4B /* NotebookListCell.swift */ = {isa = PBXFileReference; lastKnownFileType = sourcecode.swift; path = NotebookListCell.swift; sourceTree = "<group>"; };
		A1C377AE216BFC7E00F1DB4B /* deprecated_Notebook.swift */ = {isa = PBXFileReference; lastKnownFileType = sourcecode.swift; path = deprecated_Notebook.swift; sourceTree = "<group>"; };
		A1C377B0216C02B300F1DB4B /* deprecated_Note.swift */ = {isa = PBXFileReference; lastKnownFileType = sourcecode.swift; path = deprecated_Note.swift; sourceTree = "<group>"; };
		A1C377B3216C039800F1DB4B /* NotesListViewController.swift */ = {isa = PBXFileReference; lastKnownFileType = sourcecode.swift; path = NotesListViewController.swift; sourceTree = "<group>"; };
		A1C377B6216C0D8C00F1DB4B /* NoteDetailsViewController.swift */ = {isa = PBXFileReference; lastKnownFileType = sourcecode.swift; path = NoteDetailsViewController.swift; sourceTree = "<group>"; };
		A1C377B7216C0D8C00F1DB4B /* NoteDetailsViewController.xib */ = {isa = PBXFileReference; lastKnownFileType = file.xib; path = NoteDetailsViewController.xib; sourceTree = "<group>"; };
		A1C55824216FFE57008C8562 /* NewNotesListViewController.swift */ = {isa = PBXFileReference; lastKnownFileType = sourcecode.swift; path = NewNotesListViewController.swift; sourceTree = "<group>"; };
		A1C55825216FFE57008C8562 /* NewNotesListViewController.xib */ = {isa = PBXFileReference; lastKnownFileType = file.xib; path = NewNotesListViewController.xib; sourceTree = "<group>"; };
		A1C5582821700191008C8562 /* NotesListCollectionViewCell.swift */ = {isa = PBXFileReference; lastKnownFileType = sourcecode.swift; path = NotesListCollectionViewCell.swift; sourceTree = "<group>"; };
		A1C5582921700191008C8562 /* NotesListCollectionViewCell.xib */ = {isa = PBXFileReference; lastKnownFileType = file.xib; path = NotesListCollectionViewCell.xib; sourceTree = "<group>"; };
/* End PBXFileReference section */

/* Begin PBXFrameworksBuildPhase section */
		A1C37790216BEF2F00F1DB4B /* Frameworks */ = {
			isa = PBXFrameworksBuildPhase;
			buildActionMask = 2147483647;
			files = (
			);
			runOnlyForDeploymentPostprocessing = 0;
		};
/* End PBXFrameworksBuildPhase section */

/* Begin PBXGroup section */
		A1678C73216D2F91006D961B /* Utils */ = {
			isa = PBXGroup;
			children = (
				A14D6E7921753B55007EEE1F /* UIImage+Alpha.swift */,
				A14D6E7821753B55007EEE1F /* UIImage+ReSize.swift */,
				A14D6E7A21753B55007EEE1F /* UIImage+RoundCorner.swift */,
				A1678C74216D2FAD006D961B /* Date+Utils.swift */,
				A1678C76216D3847006D961B /* CoreDataStack.swift */,
			);
			path = Utils;
			sourceTree = "<group>";
		};
		A1C3778A216BEF2F00F1DB4B = {
			isa = PBXGroup;
			children = (
				A1C37795216BEF2F00F1DB4B /* Everpobre */,
				A1C37794216BEF2F00F1DB4B /* Products */,
			);
			sourceTree = "<group>";
		};
		A1C37794216BEF2F00F1DB4B /* Products */ = {
			isa = PBXGroup;
			children = (
				A1C37793216BEF2F00F1DB4B /* Everpobre.app */,
			);
			name = Products;
			sourceTree = "<group>";
		};
		A1C37795216BEF2F00F1DB4B /* Everpobre */ = {
			isa = PBXGroup;
			children = (
				A14D6E7E21754539007EEE1F /* Animator.swift */,
				A1678C73216D2F91006D961B /* Utils */,
				A1C377AD216BFC6C00F1DB4B /* Model */,
				A1C377A8216BF00900F1DB4B /* NotebookList */,
				A1C377B2216C037400F1DB4B /* NotesList */,
				A1C377B5216C0D2C00F1DB4B /* NoteDetails */,
				A1C37796216BEF2F00F1DB4B /* AppDelegate.swift */,
				A1C3779A216BEF2F00F1DB4B /* Main.storyboard */,
				A1C3779D216BEF3000F1DB4B /* Assets.xcassets */,
				A1C3779F216BEF3000F1DB4B /* LaunchScreen.storyboard */,
				A1C377A2216BEF3000F1DB4B /* Info.plist */,
				A1678C99216D3CF1006D961B /* Everpobre.xcdatamodeld */,
			);
			path = Everpobre;
			sourceTree = "<group>";
		};
		A1C377A8216BF00900F1DB4B /* NotebookList */ = {
			isa = PBXGroup;
			children = (
				A1C377A9216BF1D900F1DB4B /* NotebookListViewController.swift */,
				A1C377AB216BFB0100F1DB4B /* NotebookListCell.swift */,
			);
			path = NotebookList;
			sourceTree = "<group>";
		};
		A1C377AD216BFC6C00F1DB4B /* Model */ = {
			isa = PBXGroup;
			children = (
				A15B4AFC218FB61000EC9F77 /* Location+CoreDataClass.swift */,
				A15B4AFD218FB61000EC9F77 /* Location+CoreDataProperties.swift */,
				A1678CAD216D45A7006D961B /* Note+CoreDataClass.swift */,
				A1678CAE216D45A7006D961B /* Note+CoreDataProperties.swift */,
				A1678CAF216D45A7006D961B /* Notebook+CoreDataClass.swift */,
				A1678CAC216D45A7006D961B /* Notebook+CoreDataProperties.swift */,
				A1C377AE216BFC7E00F1DB4B /* deprecated_Notebook.swift */,
				A1C377B0216C02B300F1DB4B /* deprecated_Note.swift */,
			);
			path = Model;
			sourceTree = "<group>";
		};
		A1C377B2216C037400F1DB4B /* NotesList */ = {
			isa = PBXGroup;
			children = (
				A1C377B3216C039800F1DB4B /* NotesListViewController.swift */,
				A1C55824216FFE57008C8562 /* NewNotesListViewController.swift */,
				A1C55825216FFE57008C8562 /* NewNotesListViewController.xib */,
				A1C5582821700191008C8562 /* NotesListCollectionViewCell.swift */,
				A1C5582921700191008C8562 /* NotesListCollectionViewCell.xib */,
			);
			path = NotesList;
			sourceTree = "<group>";
		};
		A1C377B5216C0D2C00F1DB4B /* NoteDetails */ = {
			isa = PBXGroup;
			children = (
				A1C377B6216C0D8C00F1DB4B /* NoteDetailsViewController.swift */,
				A1C377B7216C0D8C00F1DB4B /* NoteDetailsViewController.xib */,
			);
			path = NoteDetails;
			sourceTree = "<group>";
		};
/* End PBXGroup section */

/* Begin PBXNativeTarget section */
		A1C37792216BEF2F00F1DB4B /* Everpobre */ = {
			isa = PBXNativeTarget;
			buildConfigurationList = A1C377A5216BEF3000F1DB4B /* Build configuration list for PBXNativeTarget "Everpobre" */;
			buildPhases = (
				A1C3778F216BEF2F00F1DB4B /* Sources */,
				A1C37790216BEF2F00F1DB4B /* Frameworks */,
				A1C37791216BEF2F00F1DB4B /* Resources */,
			);
			buildRules = (
			);
			dependencies = (
			);
			name = Everpobre;
			productName = Everpobre;
			productReference = A1C37793216BEF2F00F1DB4B /* Everpobre.app */;
			productType = "com.apple.product-type.application";
		};
/* End PBXNativeTarget section */

/* Begin PBXProject section */
		A1C3778B216BEF2F00F1DB4B /* Project object */ = {
			isa = PBXProject;
			attributes = {
				LastSwiftUpdateCheck = 1000;
				LastUpgradeCheck = 1000;
				ORGANIZATIONNAME = "Charles Moncada";
				TargetAttributes = {
					A1C37792216BEF2F00F1DB4B = {
						CreatedOnToolsVersion = 10.0;
					};
				};
			};
			buildConfigurationList = A1C3778E216BEF2F00F1DB4B /* Build configuration list for PBXProject "Everpobre" */;
			compatibilityVersion = "Xcode 9.3";
			developmentRegion = en;
			hasScannedForEncodings = 0;
			knownRegions = (
				en,
				Base,
			);
			mainGroup = A1C3778A216BEF2F00F1DB4B;
			productRefGroup = A1C37794216BEF2F00F1DB4B /* Products */;
			projectDirPath = "";
			projectRoot = "";
			targets = (
				A1C37792216BEF2F00F1DB4B /* Everpobre */,
			);
		};
/* End PBXProject section */

/* Begin PBXResourcesBuildPhase section */
		A1C37791216BEF2F00F1DB4B /* Resources */ = {
			isa = PBXResourcesBuildPhase;
			buildActionMask = 2147483647;
			files = (
				A1C377A1216BEF3000F1DB4B /* LaunchScreen.storyboard in Resources */,
				A1C377B9216C0D8C00F1DB4B /* NoteDetailsViewController.xib in Resources */,
				A1C5582B21700191008C8562 /* NotesListCollectionViewCell.xib in Resources */,
				A1C3779E216BEF3000F1DB4B /* Assets.xcassets in Resources */,
				A1C3779C216BEF2F00F1DB4B /* Main.storyboard in Resources */,
				A1C55827216FFE57008C8562 /* NewNotesListViewController.xib in Resources */,
			);
			runOnlyForDeploymentPostprocessing = 0;
		};
/* End PBXResourcesBuildPhase section */

/* Begin PBXSourcesBuildPhase section */
		A1C3778F216BEF2F00F1DB4B /* Sources */ = {
			isa = PBXSourcesBuildPhase;
			buildActionMask = 2147483647;
			files = (
				A15B4AFE218FB61000EC9F77 /* Location+CoreDataClass.swift in Sources */,
				A14D6E7F21754539007EEE1F /* Animator.swift in Sources */,
				A15B4AFF218FB61000EC9F77 /* Location+CoreDataProperties.swift in Sources */,
				A1C55826216FFE57008C8562 /* NewNotesListViewController.swift in Sources */,
				A14D6E7B21753B55007EEE1F /* UIImage+ReSize.swift in Sources */,
				A1C377B1216C02B300F1DB4B /* deprecated_Note.swift in Sources */,
				A1C377AA216BF1D900F1DB4B /* NotebookListViewController.swift in Sources */,
				A1678CB0216D45A7006D961B /* Notebook+CoreDataProperties.swift in Sources */,
				A1678CB2216D45A7006D961B /* Note+CoreDataProperties.swift in Sources */,
				A1678CB3216D45A7006D961B /* Notebook+CoreDataClass.swift in Sources */,
				A1678C9B216D3CF1006D961B /* Everpobre.xcdatamodeld in Sources */,
				A1C37797216BEF2F00F1DB4B /* AppDelegate.swift in Sources */,
				A1C5582A21700191008C8562 /* NotesListCollectionViewCell.swift in Sources */,
				A14D6E7C21753B55007EEE1F /* UIImage+Alpha.swift in Sources */,
				A1678C77216D3847006D961B /* CoreDataStack.swift in Sources */,
				A1C377AF216BFC7E00F1DB4B /* deprecated_Notebook.swift in Sources */,
				A14D6E7D21753B55007EEE1F /* UIImage+RoundCorner.swift in Sources */,
				A1C377B4216C039800F1DB4B /* NotesListViewController.swift in Sources */,
				A1678C75216D2FAD006D961B /* Date+Utils.swift in Sources */,
				A1678CB1216D45A7006D961B /* Note+CoreDataClass.swift in Sources */,
				A1C377B8216C0D8C00F1DB4B /* NoteDetailsViewController.swift in Sources */,
				A1C377AC216BFB0100F1DB4B /* NotebookListCell.swift in Sources */,
			);
			runOnlyForDeploymentPostprocessing = 0;
		};
/* End PBXSourcesBuildPhase section */

/* Begin PBXVariantGroup section */
		A1C3779A216BEF2F00F1DB4B /* Main.storyboard */ = {
			isa = PBXVariantGroup;
			children = (
				A1C3779B216BEF2F00F1DB4B /* Base */,
			);
			name = Main.storyboard;
			sourceTree = "<group>";
		};
		A1C3779F216BEF3000F1DB4B /* LaunchScreen.storyboard */ = {
			isa = PBXVariantGroup;
			children = (
				A1C377A0216BEF3000F1DB4B /* Base */,
			);
			name = LaunchScreen.storyboard;
			sourceTree = "<group>";
		};
/* End PBXVariantGroup section */

/* Begin XCBuildConfiguration section */
		A1C377A3216BEF3000F1DB4B /* Debug */ = {
			isa = XCBuildConfiguration;
			buildSettings = {
				ALWAYS_SEARCH_USER_PATHS = NO;
				CLANG_ANALYZER_NONNULL = YES;
				CLANG_ANALYZER_NUMBER_OBJECT_CONVERSION = YES_AGGRESSIVE;
				CLANG_CXX_LANGUAGE_STANDARD = "gnu++14";
				CLANG_CXX_LIBRARY = "libc++";
				CLANG_ENABLE_MODULES = YES;
				CLANG_ENABLE_OBJC_ARC = YES;
				CLANG_ENABLE_OBJC_WEAK = YES;
				CLANG_WARN_BLOCK_CAPTURE_AUTORELEASING = YES;
				CLANG_WARN_BOOL_CONVERSION = YES;
				CLANG_WARN_COMMA = YES;
				CLANG_WARN_CONSTANT_CONVERSION = YES;
				CLANG_WARN_DEPRECATED_OBJC_IMPLEMENTATIONS = YES;
				CLANG_WARN_DIRECT_OBJC_ISA_USAGE = YES_ERROR;
				CLANG_WARN_DOCUMENTATION_COMMENTS = YES;
				CLANG_WARN_EMPTY_BODY = YES;
				CLANG_WARN_ENUM_CONVERSION = YES;
				CLANG_WARN_INFINITE_RECURSION = YES;
				CLANG_WARN_INT_CONVERSION = YES;
				CLANG_WARN_NON_LITERAL_NULL_CONVERSION = YES;
				CLANG_WARN_OBJC_IMPLICIT_RETAIN_SELF = YES;
				CLANG_WARN_OBJC_LITERAL_CONVERSION = YES;
				CLANG_WARN_OBJC_ROOT_CLASS = YES_ERROR;
				CLANG_WARN_RANGE_LOOP_ANALYSIS = YES;
				CLANG_WARN_STRICT_PROTOTYPES = YES;
				CLANG_WARN_SUSPICIOUS_MOVE = YES;
				CLANG_WARN_UNGUARDED_AVAILABILITY = YES_AGGRESSIVE;
				CLANG_WARN_UNREACHABLE_CODE = YES;
				CLANG_WARN__DUPLICATE_METHOD_MATCH = YES;
				CODE_SIGN_IDENTITY = "iPhone Developer";
				COPY_PHASE_STRIP = NO;
				DEBUG_INFORMATION_FORMAT = dwarf;
				ENABLE_STRICT_OBJC_MSGSEND = YES;
				ENABLE_TESTABILITY = YES;
				GCC_C_LANGUAGE_STANDARD = gnu11;
				GCC_DYNAMIC_NO_PIC = NO;
				GCC_NO_COMMON_BLOCKS = YES;
				GCC_OPTIMIZATION_LEVEL = 0;
				GCC_PREPROCESSOR_DEFINITIONS = (
					"DEBUG=1",
					"$(inherited)",
				);
				GCC_WARN_64_TO_32_BIT_CONVERSION = YES;
				GCC_WARN_ABOUT_RETURN_TYPE = YES_ERROR;
				GCC_WARN_UNDECLARED_SELECTOR = YES;
				GCC_WARN_UNINITIALIZED_AUTOS = YES_AGGRESSIVE;
				GCC_WARN_UNUSED_FUNCTION = YES;
				GCC_WARN_UNUSED_VARIABLE = YES;
				IPHONEOS_DEPLOYMENT_TARGET = 12.0;
				MTL_ENABLE_DEBUG_INFO = INCLUDE_SOURCE;
				MTL_FAST_MATH = YES;
				ONLY_ACTIVE_ARCH = YES;
				SDKROOT = iphoneos;
				SWIFT_ACTIVE_COMPILATION_CONDITIONS = DEBUG;
				SWIFT_OPTIMIZATION_LEVEL = "-Onone";
			};
			name = Debug;
		};
		A1C377A4216BEF3000F1DB4B /* Release */ = {
			isa = XCBuildConfiguration;
			buildSettings = {
				ALWAYS_SEARCH_USER_PATHS = NO;
				CLANG_ANALYZER_NONNULL = YES;
				CLANG_ANALYZER_NUMBER_OBJECT_CONVERSION = YES_AGGRESSIVE;
				CLANG_CXX_LANGUAGE_STANDARD = "gnu++14";
				CLANG_CXX_LIBRARY = "libc++";
				CLANG_ENABLE_MODULES = YES;
				CLANG_ENABLE_OBJC_ARC = YES;
				CLANG_ENABLE_OBJC_WEAK = YES;
				CLANG_WARN_BLOCK_CAPTURE_AUTORELEASING = YES;
				CLANG_WARN_BOOL_CONVERSION = YES;
				CLANG_WARN_COMMA = YES;
				CLANG_WARN_CONSTANT_CONVERSION = YES;
				CLANG_WARN_DEPRECATED_OBJC_IMPLEMENTATIONS = YES;
				CLANG_WARN_DIRECT_OBJC_ISA_USAGE = YES_ERROR;
				CLANG_WARN_DOCUMENTATION_COMMENTS = YES;
				CLANG_WARN_EMPTY_BODY = YES;
				CLANG_WARN_ENUM_CONVERSION = YES;
				CLANG_WARN_INFINITE_RECURSION = YES;
				CLANG_WARN_INT_CONVERSION = YES;
				CLANG_WARN_NON_LITERAL_NULL_CONVERSION = YES;
				CLANG_WARN_OBJC_IMPLICIT_RETAIN_SELF = YES;
				CLANG_WARN_OBJC_LITERAL_CONVERSION = YES;
				CLANG_WARN_OBJC_ROOT_CLASS = YES_ERROR;
				CLANG_WARN_RANGE_LOOP_ANALYSIS = YES;
				CLANG_WARN_STRICT_PROTOTYPES = YES;
				CLANG_WARN_SUSPICIOUS_MOVE = YES;
				CLANG_WARN_UNGUARDED_AVAILABILITY = YES_AGGRESSIVE;
				CLANG_WARN_UNREACHABLE_CODE = YES;
				CLANG_WARN__DUPLICATE_METHOD_MATCH = YES;
				CODE_SIGN_IDENTITY = "iPhone Developer";
				COPY_PHASE_STRIP = NO;
				DEBUG_INFORMATION_FORMAT = "dwarf-with-dsym";
				ENABLE_NS_ASSERTIONS = NO;
				ENABLE_STRICT_OBJC_MSGSEND = YES;
				GCC_C_LANGUAGE_STANDARD = gnu11;
				GCC_NO_COMMON_BLOCKS = YES;
				GCC_WARN_64_TO_32_BIT_CONVERSION = YES;
				GCC_WARN_ABOUT_RETURN_TYPE = YES_ERROR;
				GCC_WARN_UNDECLARED_SELECTOR = YES;
				GCC_WARN_UNINITIALIZED_AUTOS = YES_AGGRESSIVE;
				GCC_WARN_UNUSED_FUNCTION = YES;
				GCC_WARN_UNUSED_VARIABLE = YES;
				IPHONEOS_DEPLOYMENT_TARGET = 12.0;
				MTL_ENABLE_DEBUG_INFO = NO;
				MTL_FAST_MATH = YES;
				SDKROOT = iphoneos;
				SWIFT_COMPILATION_MODE = wholemodule;
				SWIFT_OPTIMIZATION_LEVEL = "-O";
				VALIDATE_PRODUCT = YES;
			};
			name = Release;
		};
		A1C377A6216BEF3000F1DB4B /* Debug */ = {
			isa = XCBuildConfiguration;
			buildSettings = {
				ASSETCATALOG_COMPILER_APPICON_NAME = AppIcon;
				CODE_SIGN_STYLE = Automatic;
				DEVELOPMENT_TEAM = 692K8L98GH;
				INFOPLIST_FILE = Everpobre/Info.plist;
				LD_RUNPATH_SEARCH_PATHS = (
					"$(inherited)",
					"@executable_path/Frameworks",
				);
				PRODUCT_BUNDLE_IDENTIFIER = com.charlesmoncada.Everpobre;
				PRODUCT_NAME = "$(TARGET_NAME)";
				SWIFT_VERSION = 4.2;
				TARGETED_DEVICE_FAMILY = "1,2";
			};
			name = Debug;
		};
		A1C377A7216BEF3000F1DB4B /* Release */ = {
			isa = XCBuildConfiguration;
			buildSettings = {
				ASSETCATALOG_COMPILER_APPICON_NAME = AppIcon;
				CODE_SIGN_STYLE = Automatic;
				DEVELOPMENT_TEAM = 692K8L98GH;
				INFOPLIST_FILE = Everpobre/Info.plist;
				LD_RUNPATH_SEARCH_PATHS = (
					"$(inherited)",
					"@executable_path/Frameworks",
				);
				PRODUCT_BUNDLE_IDENTIFIER = com.charlesmoncada.Everpobre;
				PRODUCT_NAME = "$(TARGET_NAME)";
				SWIFT_VERSION = 4.2;
				TARGETED_DEVICE_FAMILY = "1,2";
			};
			name = Release;
		};
/* End XCBuildConfiguration section */

/* Begin XCConfigurationList section */
		A1C3778E216BEF2F00F1DB4B /* Build configuration list for PBXProject "Everpobre" */ = {
			isa = XCConfigurationList;
			buildConfigurations = (
				A1C377A3216BEF3000F1DB4B /* Debug */,
				A1C377A4216BEF3000F1DB4B /* Release */,
			);
			defaultConfigurationIsVisible = 0;
			defaultConfigurationName = Release;
		};
		A1C377A5216BEF3000F1DB4B /* Build configuration list for PBXNativeTarget "Everpobre" */ = {
			isa = XCConfigurationList;
			buildConfigurations = (
				A1C377A6216BEF3000F1DB4B /* Debug */,
				A1C377A7216BEF3000F1DB4B /* Release */,
			);
			defaultConfigurationIsVisible = 0;
			defaultConfigurationName = Release;
		};
/* End XCConfigurationList section */

/* Begin XCVersionGroup section */
		A1678C99216D3CF1006D961B /* Everpobre.xcdatamodeld */ = {
			isa = XCVersionGroup;
			children = (
				A15B4B00218FBD1400EC9F77 /* Everpobre v4.xcdatamodel */,
				A15B4AF5218F9A3D00EC9F77 /* Everpobre v3.xcdatamodel */,
				A14D6E6D21751AE0007EEE1F /* Everpobre v2.xcdatamodel */,
				A1678C9A216D3CF1006D961B /* Everpobre.xcdatamodel */,
			);
			currentVersion = A15B4B00218FBD1400EC9F77 /* Everpobre v4.xcdatamodel */;
			path = Everpobre.xcdatamodeld;
			sourceTree = "<group>";
			versionGroupType = wrapper.xcdatamodel;
		};
/* End XCVersionGroup section */
	};
	rootObject = A1C3778B216BEF2F00F1DB4B /* Project object */;
}
